
Microsoft Visual Studio Solution File, Format Version 12.00
# Visual Studio Version 16
VisualStudioVersion = 16.0.33027.164
MinimumVisualStudioVersion = 10.0.40219.1
Project("{FAE04EC0-301F-11D3-BF4B-00C04F79EFBC}") = "p6", "p6.csproj", "{AE373247-25FA-4175-B9D5-57B569F67D7F}"
EndProject
Global
	GlobalSection(SolutionConfigurationPlatforms) = preSolution
		Debug|Any CPU = Debug|Any CPU
		Release|Any CPU = Release|Any CPU
	EndGlobalSection
	GlobalSection(ProjectConfigurationPlatforms) = postSolution
		{AE373247-25FA-4175-B9D5-57B569F67D7F}.Debug|Any CPU.ActiveCfg = Debug|Any CPU
		{AE373247-25FA-4175-B9D5-57B569F67D7F}.Debug|Any CPU.Build.0 = Debug|Any CPU
		{AE373247-25FA-4175-B9D5-57B569F67D7F}.Release|Any CPU.ActiveCfg = Release|Any CPU
		{AE373247-25FA-4175-B9D5-57B569F67D7F}.Release|Any CPU.Build.0 = Release|Any CPU
	EndGlobalSection
	GlobalSection(SolutionProperties) = preSolution
		HideSolutionNode = FALSE
	EndGlobalSection
	GlobalSection(ExtensibilityGlobals) = postSolution
		SolutionGuid = {0D0B9B54-4A72-4DE1-8A96-2ECF435B7FE7}
	EndGlobalSection
EndGlobal
